{
  "name": "dist",
  "lockfileVersion": 2,
  "requires": true,
  "packages": {
    "": {
      "dependencies": {
        "pnpm": "^7.26.1"
      }
    },
    "node_modules/pnpm": {
      "version": "7.26.1",
      "resolved": "https://registry.npmmirror.com/pnpm/-/pnpm-7.26.1.tgz",
      "integrity": "sha512-l86ZNy8RZmG2aDxZVk6+vt9c8aV0tMZICQxPksRQOL5r2n92kgaIauYSFUZ+LNmPJFsbSGKpsvgOF41oiS7JWw==",
      "bin": {
        "pnpm": "bin/pnpm.cjs",
        "pnpx": "bin/pnpx.cjs"
      },
      "engines": {
        "node": ">=14.6"
      }
    }
  },
  "dependencies": {
    "pnpm": {
      "version": "7.26.1",
      "resolved": "https://registry.npmmirror.com/pnpm/-/pnpm-7.26.1.tgz",
      "integrity": "sha512-l86ZNy8RZmG2aDxZVk6+vt9c8aV0tMZICQxPksRQOL5r2n92kgaIauYSFUZ+LNmPJFsbSGKpsvgOF41oiS7JWw=="
    }
  }
}
